
Microsoft Visual Studio Solution File, Format Version 12.00
# Visual Studio Version 17
VisualStudioVersion = 17.5.33530.505
MinimumVisualStudioVersion = 10.0.40219.1
Project("{FAE04EC0-301F-11D3-BF4B-00C04F79EFBC}") = "Api", "Api\Api.csproj", "{382C268D-D407-4EF9-8A4E-01CD7666184E}"
EndProject
Project("{FAE04EC0-301F-11D3-BF4B-00C04F79EFBC}") = "Web", "..\Web\Web.csproj", "{59AC2452-CEDF-4022-AF2C-4C4B38E3DBA1}"
EndProject
Global
	GlobalSection(SolutionConfigurationPlatforms) = preSolution
		Debug|Any CPU = Debug|Any CPU
		Release|Any CPU = Release|Any CPU
	EndGlobalSection
	GlobalSection(ProjectConfigurationPlatforms) = postSolution
		{382C268D-D407-4EF9-8A4E-01CD7666184E}.Debug|Any CPU.ActiveCfg = Debug|Any CPU
		{382C268D-D407-4EF9-8A4E-01CD7666184E}.Debug|Any CPU.Build.0 = Debug|Any CPU
		{382C268D-D407-4EF9-8A4E-01CD7666184E}.Release|Any CPU.ActiveCfg = Release|Any CPU
		{382C268D-D407-4EF9-8A4E-01CD7666184E}.Release|Any CPU.Build.0 = Release|Any CPU
		{59AC2452-CEDF-4022-AF2C-4C4B38E3DBA1}.Debug|Any CPU.ActiveCfg = Debug|Any CPU
		{59AC2452-CEDF-4022-AF2C-4C4B38E3DBA1}.Debug|Any CPU.Build.0 = Debug|Any CPU
		{59AC2452-CEDF-4022-AF2C-4C4B38E3DBA1}.Release|Any CPU.ActiveCfg = Release|Any CPU
		{59AC2452-CEDF-4022-AF2C-4C4B38E3DBA1}.Release|Any CPU.Build.0 = Release|Any CPU
	EndGlobalSection
	GlobalSection(SolutionProperties) = preSolution
		HideSolutionNode = FALSE
	EndGlobalSection
	GlobalSection(ExtensibilityGlobals) = postSolution
		SolutionGuid = {47FF6E36-5815-4BBF-BE79-3450828DF9ED}
	EndGlobalSection
EndGlobal
